
Microsoft Visual Studio Solution File, Format Version 12.00
# Visual Studio Version 17
VisualStudioVersion = 17.10.34902.84
MinimumVisualStudioVersion = 10.0.40219.1
Project("{FAE04EC0-301F-11D3-BF4B-00C04F79EFBC}") = "lab-6", "lab-6\lab-6.csproj", "{355DE626-115A-4B61-A515-ACCA23BD3B42}"
EndProject
Global
	GlobalSection(SolutionConfigurationPlatforms) = preSolution
		Debug|Any CPU = Debug|Any CPU
		Release|Any CPU = Release|Any CPU
	EndGlobalSection
	GlobalSection(ProjectConfigurationPlatforms) = postSolution
		{355DE626-115A-4B61-A515-ACCA23BD3B42}.Debug|Any CPU.ActiveCfg = Debug|Any CPU
		{355DE626-115A-4B61-A515-ACCA23BD3B42}.Debug|Any CPU.Build.0 = Debug|Any CPU
		{355DE626-115A-4B61-A515-ACCA23BD3B42}.Release|Any CPU.ActiveCfg = Release|Any CPU
		{355DE626-115A-4B61-A515-ACCA23BD3B42}.Release|Any CPU.Build.0 = Release|Any CPU
	EndGlobalSection
	GlobalSection(SolutionProperties) = preSolution
		HideSolutionNode = FALSE
	EndGlobalSection
	GlobalSection(ExtensibilityGlobals) = postSolution
		SolutionGuid = {3B0F1AE6-4854-4B15-B794-E5B7A197F24B}
	EndGlobalSection
EndGlobal
